Microsoft Visual Studio Solution File, Format Version 12.00
# Visual Studio Version 17
VisualStudioVersion = 17.13.35931.197
MinimumVisualStudioVersion = 10.0.40219.1
Project("{FAE04EC0-301F-11D3-BF4B-00C04F79EFBC}") = "MemoryLane", "MemoryLane\MemoryLane.csproj", "{98BE2F5B-654B-4FB7-8AF2-B602A692C1C7}"
EndProject
Global
	GlobalSection(SolutionConfigurationPlatforms) = preSolution
		Debug|Any CPU = Debug|Any CPU
		Release|Any CPU = Release|Any CPU
	EndGlobalSection
	GlobalSection(ProjectConfigurationPlatforms) = postSolution
		{98BE2F5B-654B-4FB7-8AF2-B602A692C1C7}.Debug|Any CPU.ActiveCfg = Debug|Any CPU
		{98BE2F5B-654B-4FB7-8AF2-B602A692C1C7}.Debug|Any CPU.Build.0 = Debug|Any CPU
		{98BE2F5B-654B-4FB7-8AF2-B602A692C1C7}.Release|Any CPU.ActiveCfg = Release|Any CPU
		{98BE2F5B-654B-4FB7-8AF2-B602A692C1C7}.Release|Any CPU.Build.0 = Release|Any CPU
	EndGlobalSection
	GlobalSection(SolutionProperties) = preSolution
		HideSolutionNode = FALSE
	EndGlobalSection
	GlobalSection(ExtensibilityGlobals) = postSolution
		SolutionGuid = {1DEF94B8-6894-4DE8-B01C-DC3F49DD628A}
	EndGlobalSection
EndGlobal
